
Microsoft Visual Studio Solution File, Format Version 12.00
# Visual Studio Version 17
VisualStudioVersion = 17.2.32526.322
MinimumVisualStudioVersion = 10.0.40219.1
Project("{FAE04EC0-301F-11D3-BF4B-00C04F79EFBC}") = "Program_16", "1\Program_16.csproj", "{CF26D138-8119-4462-88A2-079E72B08E1D}"
EndProject
Global
	GlobalSection(SolutionConfigurationPlatforms) = preSolution
		Debug|Any CPU = Debug|Any CPU
		Release|Any CPU = Release|Any CPU
	EndGlobalSection
	GlobalSection(ProjectConfigurationPlatforms) = postSolution
		{CF26D138-8119-4462-88A2-079E72B08E1D}.Debug|Any CPU.ActiveCfg = Debug|Any CPU
		{CF26D138-8119-4462-88A2-079E72B08E1D}.Debug|Any CPU.Build.0 = Debug|Any CPU
		{CF26D138-8119-4462-88A2-079E72B08E1D}.Release|Any CPU.ActiveCfg = Release|Any CPU
		{CF26D138-8119-4462-88A2-079E72B08E1D}.Release|Any CPU.Build.0 = Release|Any CPU
	EndGlobalSection
	GlobalSection(SolutionProperties) = preSolution
		HideSolutionNode = FALSE
	EndGlobalSection
	GlobalSection(ExtensibilityGlobals) = postSolution
		SolutionGuid = {5B4FB371-FD4F-45F6-B1E2-A4F354EAB587}
	EndGlobalSection
EndGlobal
